
Microsoft Visual Studio Solution File, Format Version 12.00
# Visual Studio Version 17
VisualStudioVersion = 17.0.31903.59
MinimumVisualStudioVersion = 10.0.40219.1
Project("{2150E333-8FDC-42A3-9474-1A3956D46DE8}") = "src", "src", "{827E0CD3-B72D-47B6-A68D-7590B98EB39B}"
EndProject
Project("{FAE04EC0-301F-11D3-BF4B-00C04F79EFBC}") = "DevLoggerBackend.Api", "src\DevLoggerBackend.Api\DevLoggerBackend.Api.csproj", "{FF5DF48C-2585-4382-8E84-C24259635B69}"
EndProject
Project("{FAE04EC0-301F-11D3-BF4B-00C04F79EFBC}") = "DevLoggerBackend.Application", "src\DevLoggerBackend.Application\DevLoggerBackend.Application.csproj", "{A30E8C57-DB7B-4BB4-905B-77CA3128BE9C}"
EndProject
Project("{FAE04EC0-301F-11D3-BF4B-00C04F79EFBC}") = "DevLoggerBackend.Domain", "src\DevLoggerBackend.Domain\DevLoggerBackend.Domain.csproj", "{F3D3917D-1D98-4E63-A34A-49415E38C291}"
EndProject
Project("{FAE04EC0-301F-11D3-BF4B-00C04F79EFBC}") = "DevLoggerBackend.Infrastructure", "src\DevLoggerBackend.Infrastructure\DevLoggerBackend.Infrastructure.csproj", "{A3D662F5-EBED-4DEA-BF76-2B1F1935669A}"
EndProject
Project("{2150E333-8FDC-42A3-9474-1A3956D46DE8}") = "tests", "tests", "{0AB3BF05-4346-4AA6-1389-037BE0695223}"
EndProject
Project("{FAE04EC0-301F-11D3-BF4B-00C04F79EFBC}") = "DevLoggerBackend.Application.Tests", "tests\DevLoggerBackend.Application.Tests\DevLoggerBackend.Application.Tests.csproj", "{84041AE4-6CC8-4148-8B5C-4EA5AB48A1BE}"
EndProject
Global
	GlobalSection(SolutionConfigurationPlatforms) = preSolution
		Debug|Any CPU = Debug|Any CPU
		Debug|x64 = Debug|x64
		Debug|x86 = Debug|x86
		Release|Any CPU = Release|Any CPU
		Release|x64 = Release|x64
		Release|x86 = Release|x86
	EndGlobalSection
	GlobalSection(ProjectConfigurationPlatforms) = postSolution
		{FF5DF48C-2585-4382-8E84-C24259635B69}.Debug|Any CPU.ActiveCfg = Debug|Any CPU
		{FF5DF48C-2585-4382-8E84-C24259635B69}.Debug|Any CPU.Build.0 = Debug|Any CPU
		{FF5DF48C-2585-4382-8E84-C24259635B69}.Debug|x64.ActiveCfg = Debug|Any CPU
		{FF5DF48C-2585-4382-8E84-C24259635B69}.Debug|x64.Build.0 = Debug|Any CPU
		{FF5DF48C-2585-4382-8E84-C24259635B69}.Debug|x86.ActiveCfg = Debug|Any CPU
		{FF5DF48C-2585-4382-8E84-C24259635B69}.Debug|x86.Build.0 = Debug|Any CPU
		{FF5DF48C-2585-4382-8E84-C24259635B69}.Release|Any CPU.ActiveCfg = Release|Any CPU
		{FF5DF48C-2585-4382-8E84-C24259635B69}.Release|Any CPU.Build.0 = Release|Any CPU
		{FF5DF48C-2585-4382-8E84-C24259635B69}.Release|x64.ActiveCfg = Release|Any CPU
		{FF5DF48C-2585-4382-8E84-C24259635B69}.Release|x64.Build.0 = Release|Any CPU
		{FF5DF48C-2585-4382-8E84-C24259635B69}.Release|x86.ActiveCfg = Release|Any CPU
		{FF5DF48C-2585-4382-8E84-C24259635B69}.Release|x86.Build.0 = Release|Any CPU
		{A30E8C57-DB7B-4BB4-905B-77CA3128BE9C}.Debug|Any CPU.ActiveCfg = Debug|Any CPU
		{A30E8C57-DB7B-4BB4-905B-77CA3128BE9C}.Debug|Any CPU.Build.0 = Debug|Any CPU
		{A30E8C57-DB7B-4BB4-905B-77CA3128BE9C}.Debug|x64.ActiveCfg = Debug|Any CPU
		{A30E8C57-DB7B-4BB4-905B-77CA3128BE9C}.Debug|x64.Build.0 = Debug|Any CPU
		{A30E8C57-DB7B-4BB4-905B-77CA3128BE9C}.Debug|x86.ActiveCfg = Debug|Any CPU
		{A30E8C57-DB7B-4BB4-905B-77CA3128BE9C}.Debug|x86.Build.0 = Debug|Any CPU
		{A30E8C57-DB7B-4BB4-905B-77CA3128BE9C}.Release|Any CPU.ActiveCfg = Release|Any CPU
		{A30E8C57-DB7B-4BB4-905B-77CA3128BE9C}.Release|Any CPU.Build.0 = Release|Any CPU
		{A30E8C57-DB7B-4BB4-905B-77CA3128BE9C}.Release|x64.ActiveCfg = Release|Any CPU
		{A30E8C57-DB7B-4BB4-905B-77CA3128BE9C}.Release|x64.Build.0 = Release|Any CPU
		{A30E8C57-DB7B-4BB4-905B-77CA3128BE9C}.Release|x86.ActiveCfg = Release|Any CPU
		{A30E8C57-DB7B-4BB4-905B-77CA3128BE9C}.Release|x86.Build.0 = Release|Any CPU
		{F3D3917D-1D98-4E63-A34A-49415E38C291}.Debug|Any CPU.ActiveCfg = Debug|Any CPU
		{F3D3917D-1D98-4E63-A34A-49415E38C291}.Debug|Any CPU.Build.0 = Debug|Any CPU
		{F3D3917D-1D98-4E63-A34A-49415E38C291}.Debug|x64.ActiveCfg = Debug|Any CPU
		{F3D3917D-1D98-4E63-A34A-49415E38C291}.Debug|x64.Build.0 = Debug|Any CPU
		{F3D3917D-1D98-4E63-A34A-49415E38C291}.Debug|x86.ActiveCfg = Debug|Any CPU
		{F3D3917D-1D98-4E63-A34A-49415E38C291}.Debug|x86.Build.0 = Debug|Any CPU
		{F3D3917D-1D98-4E63-A34A-49415E38C291}.Release|Any CPU.ActiveCfg = Release|Any CPU
		{F3D3917D-1D98-4E63-A34A-49415E38C291}.Release|Any CPU.Build.0 = Release|Any CPU
		{F3D3917D-1D98-4E63-A34A-49415E38C291}.Release|x64.ActiveCfg = Release|Any CPU
		{F3D3917D-1D98-4E63-A34A-49415E38C291}.Release|x64.Build.0 = Release|Any CPU
		{F3D3917D-1D98-4E63-A34A-49415E38C291}.Release|x86.ActiveCfg = Release|Any CPU
		{F3D3917D-1D98-4E63-A34A-49415E38C291}.Release|x86.Build.0 = Release|Any CPU
		{A3D662F5-EBED-4DEA-BF76-2B1F1935669A}.Debug|Any CPU.ActiveCfg = Debug|Any CPU
		{A3D662F5-EBED-4DEA-BF76-2B1F1935669A}.Debug|Any CPU.Build.0 = Debug|Any CPU
		{A3D662F5-EBED-4DEA-BF76-2B1F1935669A}.Debug|x64.ActiveCfg = Debug|Any CPU
		{A3D662F5-EBED-4DEA-BF76-2B1F1935669A}.Debug|x64.Build.0 = Debug|Any CPU
		{A3D662F5-EBED-4DEA-BF76-2B1F1935669A}.Debug|x86.ActiveCfg = Debug|Any CPU
		{A3D662F5-EBED-4DEA-BF76-2B1F1935669A}.Debug|x86.Build.0 = Debug|Any CPU
		{A3D662F5-EBED-4DEA-BF76-2B1F1935669A}.Release|Any CPU.ActiveCfg = Release|Any CPU
		{A3D662F5-EBED-4DEA-BF76-2B1F1935669A}.Release|Any CPU.Build.0 = Release|Any CPU
		{A3D662F5-EBED-4DEA-BF76-2B1F1935669A}.Release|x64.ActiveCfg = Release|Any CPU
		{A3D662F5-EBED-4DEA-BF76-2B1F1935669A}.Release|x64.Build.0 = Release|Any CPU
		{A3D662F5-EBED-4DEA-BF76-2B1F1935669A}.Release|x86.ActiveCfg = Release|Any CPU
		{A3D662F5-EBED-4DEA-BF76-2B1F1935669A}.Release|x86.Build.0 = Release|Any CPU
		{84041AE4-6CC8-4148-8B5C-4EA5AB48A1BE}.Debug|Any CPU.ActiveCfg = Debug|Any CPU
		{84041AE4-6CC8-4148-8B5C-4EA5AB48A1BE}.Debug|Any CPU.Build.0 = Debug|Any CPU
		{84041AE4-6CC8-4148-8B5C-4EA5AB48A1BE}.Debug|x64.ActiveCfg = Debug|Any CPU
		{84041AE4-6CC8-4148-8B5C-4EA5AB48A1BE}.Debug|x64.Build.0 = Debug|Any CPU
		{84041AE4-6CC8-4148-8B5C-4EA5AB48A1BE}.Debug|x86.ActiveCfg = Debug|Any CPU
		{84041AE4-6CC8-4148-8B5C-4EA5AB48A1BE}.Debug|x86.Build.0 = Debug|Any CPU
		{84041AE4-6CC8-4148-8B5C-4EA5AB48A1BE}.Release|Any CPU.ActiveCfg = Release|Any CPU
		{84041AE4-6CC8-4148-8B5C-4EA5AB48A1BE}.Release|Any CPU.Build.0 = Release|Any CPU
		{84041AE4-6CC8-4148-8B5C-4EA5AB48A1BE}.Release|x64.ActiveCfg = Release|Any CPU
		{84041AE4-6CC8-4148-8B5C-4EA5AB48A1BE}.Release|x64.Build.0 = Release|Any CPU
		{84041AE4-6CC8-4148-8B5C-4EA5AB48A1BE}.Release|x86.ActiveCfg = Release|Any CPU
		{84041AE4-6CC8-4148-8B5C-4EA5AB48A1BE}.Release|x86.Build.0 = Release|Any CPU
	EndGlobalSection
	GlobalSection(SolutionProperties) = preSolution
		HideSolutionNode = FALSE
	EndGlobalSection
	GlobalSection(NestedProjects) = preSolution
		{FF5DF48C-2585-4382-8E84-C24259635B69} = {827E0CD3-B72D-47B6-A68D-7590B98EB39B}
		{A30E8C57-DB7B-4BB4-905B-77CA3128BE9C} = {827E0CD3-B72D-47B6-A68D-7590B98EB39B}
		{F3D3917D-1D98-4E63-A34A-49415E38C291} = {827E0CD3-B72D-47B6-A68D-7590B98EB39B}
		{A3D662F5-EBED-4DEA-BF76-2B1F1935669A} = {827E0CD3-B72D-47B6-A68D-7590B98EB39B}
		{84041AE4-6CC8-4148-8B5C-4EA5AB48A1BE} = {0AB3BF05-4346-4AA6-1389-037BE0695223}
	EndGlobalSection
EndGlobal
